
Microsoft Visual Studio Solution File, Format Version 12.00
# Visual Studio 15
VisualStudioVersion = 15.0.27004.2005
MinimumVisualStudioVersion = 10.0.40219.1
Project("{FAE04EC0-301F-11D3-BF4B-00C04F79EFBC}") = "AMS-BE", "AMS-BE\AMS-BE.csproj", "{4FA1338F-395E-4606-9B8A-00DD7B2E8CE6}"
EndProject
Global
	GlobalSection(SolutionConfigurationPlatforms) = preSolution
		Debug|Any CPU = Debug|Any CPU
		Release|Any CPU = Release|Any CPU
	EndGlobalSection
	GlobalSection(ProjectConfigurationPlatforms) = postSolution
		{4FA1338F-395E-4606-9B8A-00DD7B2E8CE6}.Debug|Any CPU.ActiveCfg = Debug|Any CPU
		{4FA1338F-395E-4606-9B8A-00DD7B2E8CE6}.Debug|Any CPU.Build.0 = Debug|Any CPU
		{4FA1338F-395E-4606-9B8A-00DD7B2E8CE6}.Release|Any CPU.ActiveCfg = Release|Any CPU
		{4FA1338F-395E-4606-9B8A-00DD7B2E8CE6}.Release|Any CPU.Build.0 = Release|Any CPU
	EndGlobalSection
	GlobalSection(SolutionProperties) = preSolution
		HideSolutionNode = FALSE
	EndGlobalSection
	GlobalSection(ExtensibilityGlobals) = postSolution
		SolutionGuid = {E30A3CB2-0C8D-47B1-B1A7-BAC60759A2F8}
	EndGlobalSection
EndGlobal
